// !$*UTF8*$!
{
	archiveVersion = 1;
	classes = {
	};
	objectVersion = 46;
	objects = {

/* Begin PBXBuildFile section */
		F29491EA1B53385D00428916 /* AppDelegate.swift in Sources */ = {isa = PBXBuildFile; fileRef = F29491E91B53385D00428916 /* AppDelegate.swift */; };
		F29491EC1B53385D00428916 /* ViewController.swift in Sources */ = {isa = PBXBuildFile; fileRef = F29491EB1B53385D00428916 /* ViewController.swift */; };
		F29491EF1B53385D00428916 /* Main.storyboard in Resources */ = {isa = PBXBuildFile; fileRef = F29491ED1B53385D00428916 /* Main.storyboard */; };
		F29491F11B53385D00428916 /* Images.xcassets in Resources */ = {isa = PBXBuildFile; fileRef = F29491F01B53385D00428916 /* Images.xcassets */; };
		F29491F41B53385D00428916 /* LaunchScreen.xib in Resources */ = {isa = PBXBuildFile; fileRef = F29491F21B53385D00428916 /* LaunchScreen.xib */; };
		F29492001B53385D00428916 /* Integrated_test_1Tests.swift in Sources */ = {isa = PBXBuildFile; fileRef = F29491FF1B53385D00428916 /* Integrated_test_1Tests.swift */; };
		F294920A1B533A0600428916 /* cnbs.jpg in Resources */ = {isa = PBXBuildFile; fileRef = F29492091B533A0600428916 /* cnbs.jpg */; };
		F294920C1B53437E00428916 /* NamingPicturesViewController.swift in Sources */ = {isa = PBXBuildFile; fileRef = F294920B1B53437E00428916 /* NamingPicturesViewController.swift */; };
/* End PBXBuildFile section */

/* Begin PBXContainerItemProxy section */
		F29491FA1B53385D00428916 /* PBXContainerItemProxy */ = {
			isa = PBXContainerItemProxy;
			containerPortal = F29491DC1B53385D00428916 /* Project object */;
			proxyType = 1;
			remoteGlobalIDString = F29491E31B53385D00428916;
			remoteInfo = "Integrated test 1";
		};
/* End PBXContainerItemProxy section */

/* Begin PBXFileReference section */
		F29491E41B53385D00428916 /* Integrated test 1.app */ = {isa = PBXFileReference; explicitFileType = wrapper.application; includeInIndex = 0; path = "Integrated test 1.app"; sourceTree = BUILT_PRODUCTS_DIR; };
		F29491E81B53385D00428916 /* Info.plist */ = {isa = PBXFileReference; lastKnownFileType = text.plist.xml; path = Info.plist; sourceTree = "<group>"; };
		F29491E91B53385D00428916 /* AppDelegate.swift */ = {isa = PBXFileReference; lastKnownFileType = sourcecode.swift; path = AppDelegate.swift; sourceTree = "<group>"; };
		F29491EB1B53385D00428916 /* ViewController.swift */ = {isa = PBXFileReference; lastKnownFileType = sourcecode.swift; path = ViewController.swift; sourceTree = "<group>"; };
		F29491EE1B53385D00428916 /* Base */ = {isa = PBXFileReference; lastKnownFileType = file.storyboard; name = Base; path = Base.lproj/Main.storyboard; sourceTree = "<group>"; };
		F29491F01B53385D00428916 /* Images.xcassets */ = {isa = PBXFileReference; lastKnownFileType = folder.assetcatalog; path = Images.xcassets; sourceTree = "<group>"; };
		F29491F31B53385D00428916 /* Base */ = {isa = PBXFileReference; lastKnownFileType = file.xib; name = Base; path = Base.lproj/LaunchScreen.xib; sourceTree = "<group>"; };
		F29491F91B53385D00428916 /* Integrated test 1Tests.xctest */ = {isa = PBXFileReference; explicitFileType = wrapper.cfbundle; includeInIndex = 0; path = "Integrated test 1Tests.xctest"; sourceTree = BUILT_PRODUCTS_DIR; };
		F29491FE1B53385D00428916 /* Info.plist */ = {isa = PBXFileReference; lastKnownFileType = text.plist.xml; path = Info.plist; sourceTree = "<group>"; };
		F29491FF1B53385D00428916 /* Integrated_test_1Tests.swift */ = {isa = PBXFileReference; lastKnownFileType = sourcecode.swift; path = Integrated_test_1Tests.swift; sourceTree = "<group>"; };
		F29492091B533A0600428916 /* cnbs.jpg */ = {isa = PBXFileReference; lastKnownFileType = image.jpeg; name = cnbs.jpg; path = ../../../../Downloads/cnbs.jpg; sourceTree = "<group>"; };
		F294920B1B53437E00428916 /* NamingPicturesViewController.swift */ = {isa = PBXFileReference; fileEncoding = 4; lastKnownFileType = sourcecode.swift; path = NamingPicturesViewController.swift; sourceTree = "<group>"; };
/* End PBXFileReference section */

/* Begin PBXFrameworksBuildPhase section */
		F29491E11B53385D00428916 /* Frameworks */ = {
			isa = PBXFrameworksBuildPhase;
			buildActionMask = 2147483647;
			files = (
			);
			runOnlyForDeploymentPostprocessing = 0;
		};
		F29491F61B53385D00428916 /* Frameworks */ = {
			isa = PBXFrameworksBuildPhase;
			buildActionMask = 2147483647;
			files = (
			);
			runOnlyForDeploymentPostprocessing = 0;
		};
/* End PBXFrameworksBuildPhase section */

/* Begin PBXGroup section */
		F29491DB1B53385D00428916 = {
			isa = PBXGroup;
			children = (
				F29491E61B53385D00428916 /* Integrated test 1 */,
				F29491FC1B53385D00428916 /* Integrated test 1Tests */,
				F29491E51B53385D00428916 /* Products */,
			);
			sourceTree = "<group>";
		};
		F29491E51B53385D00428916 /* Products */ = {
			isa = PBXGroup;
			children = (
				F29491E41B53385D00428916 /* Integrated test 1.app */,
				F29491F91B53385D00428916 /* Integrated test 1Tests.xctest */,
			);
			name = Products;
			sourceTree = "<group>";
		};
		F29491E61B53385D00428916 /* Integrated test 1 */ = {
			isa = PBXGroup;
			children = (
				F29491E91B53385D00428916 /* AppDelegate.swift */,
				F29491EB1B53385D00428916 /* ViewController.swift */,
				F294920B1B53437E00428916 /* NamingPicturesViewController.swift */,
				F29491ED1B53385D00428916 /* Main.storyboard */,
				F29491F01B53385D00428916 /* Images.xcassets */,
				F29492091B533A0600428916 /* cnbs.jpg */,
				F29491F21B53385D00428916 /* LaunchScreen.xib */,
				F29491E71B53385D00428916 /* Supporting Files */,
			);
			path = "Integrated test 1";
			sourceTree = "<group>";
		};
		F29491E71B53385D00428916 /* Supporting Files */ = {
			isa = PBXGroup;
			children = (
				F29491E81B53385D00428916 /* Info.plist */,
			);
			name = "Supporting Files";
			sourceTree = "<group>";
		};
		F29491FC1B53385D00428916 /* Integrated test 1Tests */ = {
			isa = PBXGroup;
			children = (
				F29491FF1B53385D00428916 /* Integrated_test_1Tests.swift */,
				F29491FD1B53385D00428916 /* Supporting Files */,
			);
			path = "Integrated test 1Tests";
			sourceTree = "<group>";
		};
		F29491FD1B53385D00428916 /* Supporting Files */ = {
			isa = PBXGroup;
			children = (
				F29491FE1B53385D00428916 /* Info.plist */,
			);
			name = "Supporting Files";
			sourceTree = "<group>";
		};
/* End PBXGroup section */

/* Begin PBXNativeTarget section */
		F29491E31B53385D00428916 /* Integrated test 1 */ = {
			isa = PBXNativeTarget;
			buildConfigurationList = F29492031B53385D00428916 /* Build configuration list for PBXNativeTarget "Integrated test 1" */;
			buildPhases = (
				F29491E01B53385D00428916 /* Sources */,
				F29491E11B53385D00428916 /* Frameworks */,
				F29491E21B53385D00428916 /* Resources */,
			);
			buildRules = (
			);
			dependencies = (
			);
			name = "Integrated test 1";
			productName = "Integrated test 1";
			productReference = F29491E41B53385D00428916 /* Integrated test 1.app */;
			productType = "com.apple.product-type.application";
		};
		F29491F81B53385D00428916 /* Integrated test 1Tests */ = {
			isa = PBXNativeTarget;
			buildConfigurationList = F29492061B53385D00428916 /* Build configuration list for PBXNativeTarget "Integrated test 1Tests" */;
			buildPhases = (
				F29491F51B53385D00428916 /* Sources */,
				F29491F61B53385D00428916 /* Frameworks */,
				F29491F71B53385D00428916 /* Resources */,
			);
			buildRules = (
			);
			dependencies = (
				F29491FB1B53385D00428916 /* PBXTargetDependency */,
			);
			name = "Integrated test 1Tests";
			productName = "Integrated test 1Tests";
			productReference = F29491F91B53385D00428916 /* Integrated test 1Tests.xctest */;
			productType = "com.apple.product-type.bundle.unit-test";
		};
/* End PBXNativeTarget section */

/* Begin PBXProject section */
		F29491DC1B53385D00428916 /* Project object */ = {
			isa = PBXProject;
			attributes = {
				LastUpgradeCheck = 0640;
				ORGANIZATIONNAME = saman;
				TargetAttributes = {
					F29491E31B53385D00428916 = {
						CreatedOnToolsVersion = 6.4;
					};
					F29491F81B53385D00428916 = {
						CreatedOnToolsVersion = 6.4;
						TestTargetID = F29491E31B53385D00428916;
					};
				};
			};
			buildConfigurationList = F29491DF1B53385D00428916 /* Build configuration list for PBXProject "Integrated test 1" */;
			compatibilityVersion = "Xcode 3.2";
			developmentRegion = English;
			hasScannedForEncodings = 0;
			knownRegions = (
				en,
				Base,
			);
			mainGroup = F29491DB1B53385D00428916;
			productRefGroup = F29491E51B53385D00428916 /* Products */;
			projectDirPath = "";
			projectRoot = "";
			targets = (
				F29491E31B53385D00428916 /* Integrated test 1 */,
				F29491F81B53385D00428916 /* Integrated test 1Tests */,
			);
		};
/* End PBXProject section */

/* Begin PBXResourcesBuildPhase section */
		F29491E21B53385D00428916 /* Resources */ = {
			isa = PBXResourcesBuildPhase;
			buildActionMask = 2147483647;
			files = (
				F29491EF1B53385D00428916 /* Main.storyboard in Resources */,
				F294920A1B533A0600428916 /* cnbs.jpg in Resources */,
				F29491F41B53385D00428916 /* LaunchScreen.xib in Resources */,
				F29491F11B53385D00428916 /* Images.xcassets in Resources */,
			);
			runOnlyForDeploymentPostprocessing = 0;
		};
		F29491F71B53385D00428916 /* Resources */ = {
			isa = PBXResourcesBuildPhase;
			buildActionMask = 2147483647;
			files = (
			);
			runOnlyForDeploymentPostprocessing = 0;
		};
/* End PBXResourcesBuildPhase section */

/* Begin PBXSourcesBuildPhase section */
		F29491E01B53385D00428916 /* Sources */ = {
			isa = PBXSourcesBuildPhase;
			buildActionMask = 2147483647;
			files = (
				F294920C1B53437E00428916 /* NamingPicturesViewController.swift in Sources */,
				F29491EC1B53385D00428916 /* ViewController.swift in Sources */,
				F29491EA1B53385D00428916 /* AppDelegate.swift in Sources */,
			);
			runOnlyForDeploymentPostprocessing = 0;
		};
		F29491F51B53385D00428916 /* Sources */ = {
			isa = PBXSourcesBuildPhase;
			buildActionMask = 2147483647;
			files = (
				F29492001B53385D00428916 /* Integrated_test_1Tests.swift in Sources */,
			);
			runOnlyForDeploymentPostprocessing = 0;
		};
/* End PBXSourcesBuildPhase section */

/* Begin PBXTargetDependency section */
		F29491FB1B53385D00428916 /* PBXTargetDependency */ = {
			isa = PBXTargetDependency;
			target = F29491E31B53385D00428916 /* Integrated test 1 */;
			targetProxy = F29491FA1B53385D00428916 /* PBXContainerItemProxy */;
		};
/* End PBXTargetDependency section */

/* Begin PBXVariantGroup section */
		F29491ED1B53385D00428916 /* Main.storyboard */ = {
			isa = PBXVariantGroup;
			children = (
				F29491EE1B53385D00428916 /* Base */,
			);
			name = Main.storyboard;
			sourceTree = "<group>";
		};
		F29491F21B53385D00428916 /* LaunchScreen.xib */ = {
			isa = PBXVariantGroup;
			children = (
				F29491F31B53385D00428916 /* Base */,
			);
			name = LaunchScreen.xib;
			sourceTree = "<group>";
		};
/* End PBXVariantGroup section */

/* Begin XCBuildConfiguration section */
		F29492011B53385D00428916 /* Debug */ = {
			isa = XCBuildConfiguration;
			buildSettings = {
				ALWAYS_SEARCH_USER_PATHS = NO;
				CLANG_CXX_LANGUAGE_STANDARD = "gnu++0x";
				CLANG_CXX_LIBRARY = "libc++";
				CLANG_ENABLE_MODULES = YES;
				CLANG_ENABLE_OBJC_ARC = YES;
				CLANG_WARN_BOOL_CONVERSION = YES;
				CLANG_WARN_CONSTANT_CONVERSION = YES;
				CLANG_WARN_DIRECT_OBJC_ISA_USAGE = YES_ERROR;
				CLANG_WARN_EMPTY_BODY = YES;
				CLANG_WARN_ENUM_CONVERSION = YES;
				CLANG_WARN_INT_CONVERSION = YES;
				CLANG_WARN_OBJC_ROOT_CLASS = YES_ERROR;
				CLANG_WARN_UNREACHABLE_CODE = YES;
				CLANG_WARN__DUPLICATE_METHOD_MATCH = YES;
				"CODE_SIGN_IDENTITY[sdk=iphoneos*]" = "iPhone Developer";
				COPY_PHASE_STRIP = NO;
				DEBUG_INFORMATION_FORMAT = "dwarf-with-dsym";
				ENABLE_STRICT_OBJC_MSGSEND = YES;
				GCC_C_LANGUAGE_STANDARD = gnu99;
				GCC_DYNAMIC_NO_PIC = NO;
				GCC_NO_COMMON_BLOCKS = YES;
				GCC_OPTIMIZATION_LEVEL = 0;
				GCC_PREPROCESSOR_DEFINITIONS = (
					"DEBUG=1",
					"$(inherited)",
				);
				GCC_SYMBOLS_PRIVATE_EXTERN = NO;
				GCC_WARN_64_TO_32_BIT_CONVERSION = YES;
				GCC_WARN_ABOUT_RETURN_TYPE = YES_ERROR;
				GCC_WARN_UNDECLARED_SELECTOR = YES;
				GCC_WARN_UNINITIALIZED_AUTOS = YES_AGGRESSIVE;
				GCC_WARN_UNUSED_FUNCTION = YES;
				GCC_WARN_UNUSED_VARIABLE = YES;
				IPHONEOS_DEPLOYMENT_TARGET = 8.4;
				MTL_ENABLE_DEBUG_INFO = YES;
				ONLY_ACTIVE_ARCH = YES;
				SDKROOT = iphoneos;
				SWIFT_OPTIMIZATION_LEVEL = "-Onone";
				TARGETED_DEVICE_FAMILY = 2;
			};
			name = Debug;
		};
		F29492021B53385D00428916 /* Release */ = {
			isa = XCBuildConfiguration;
			buildSettings = {
				ALWAYS_SEARCH_USER_PATHS = NO;
				CLANG_CXX_LANGUAGE_STANDARD = "gnu++0x";
				CLANG_CXX_LIBRARY = "libc++";
				CLANG_ENABLE_MODULES = YES;
				CLANG_ENABLE_OBJC_ARC = YES;
				CLANG_WARN_BOOL_CONVERSION = YES;
				CLANG_WARN_CONSTANT_CONVERSION = YES;
				CLANG_WARN_DIRECT_OBJC_ISA_USAGE = YES_ERROR;
				CLANG_WARN_EMPTY_BODY = YES;
				CLANG_WARN_ENUM_CONVERSION = YES;
				CLANG_WARN_INT_CONVERSION = YES;
				CLANG_WARN_OBJC_ROOT_CLASS = YES_ERROR;
				CLANG_WARN_UNREACHABLE_CODE = YES;
				CLANG_WARN__DUPLICATE_METHOD_MATCH = YES;
				"CODE_SIGN_IDENTITY[sdk=iphoneos*]" = "iPhone Developer";
				COPY_PHASE_STRIP = NO;
				DEBUG_INFORMATION_FORMAT = "dwarf-with-dsym";
				ENABLE_NS_ASSERTIONS = NO;
				ENABLE_STRICT_OBJC_MSGSEND = YES;
				GCC_C_LANGUAGE_STANDARD = gnu99;
				GCC_NO_COMMON_BLOCKS = YES;
				GCC_WARN_64_TO_32_BIT_CONVERSION = YES;
				GCC_WARN_ABOUT_RETURN_TYPE = YES_ERROR;
				GCC_WARN_UNDECLARED_SELECTOR = YES;
				GCC_WARN_UNINITIALIZED_AUTOS = YES_AGGRESSIVE;
				GCC_WARN_UNUSED_FUNCTION = YES;
				GCC_WARN_UNUSED_VARIABLE = YES;
				IPHONEOS_DEPLOYMENT_TARGET = 8.4;
				MTL_ENABLE_DEBUG_INFO = NO;
				SDKROOT = iphoneos;
				TARGETED_DEVICE_FAMILY = 2;
				VALIDATE_PRODUCT = YES;
			};
			name = Release;
		};
		F29492041B53385D00428916 /* Debug */ = {
			isa = XCBuildConfiguration;
			buildSettings = {
				ASSETCATALOG_COMPILER_APPICON_NAME = AppIcon;
				INFOPLIST_FILE = "Integrated test 1/Info.plist";
				LD_RUNPATH_SEARCH_PATHS = "$(inherited) @executable_path/Frameworks";
				PRODUCT_NAME = "$(TARGET_NAME)";
			};
			name = Debug;
		};
		F29492051B53385D00428916 /* Release */ = {
			isa = XCBuildConfiguration;
			buildSettings = {
				ASSETCATALOG_COMPILER_APPICON_NAME = AppIcon;
				INFOPLIST_FILE = "Integrated test 1/Info.plist";
				LD_RUNPATH_SEARCH_PATHS = "$(inherited) @executable_path/Frameworks";
				PRODUCT_NAME = "$(TARGET_NAME)";
			};
			name = Release;
		};
		F29492071B53385D00428916 /* Debug */ = {
			isa = XCBuildConfiguration;
			buildSettings = {
				BUNDLE_LOADER = "$(TEST_HOST)";
				FRAMEWORK_SEARCH_PATHS = (
					"$(SDKROOT)/Developer/Library/Frameworks",
					"$(inherited)",
				);
				GCC_PREPROCESSOR_DEFINITIONS = (
					"DEBUG=1",
					"$(inherited)",
				);
				INFOPLIST_FILE = "Integrated test 1Tests/Info.plist";
				LD_RUNPATH_SEARCH_PATHS = "$(inherited) @executable_path/Frameworks @loader_path/Frameworks";
				PRODUCT_NAME = "$(TARGET_NAME)";
				TEST_HOST = "$(BUILT_PRODUCTS_DIR)/Integrated test 1.app/Integrated test 1";
			};
			name = Debug;
		};
		F29492081B53385D00428916 /* Release */ = {
			isa = XCBuildConfiguration;
			buildSettings = {
				BUNDLE_LOADER = "$(TEST_HOST)";
				FRAMEWORK_SEARCH_PATHS = (
					"$(SDKROOT)/Developer/Library/Frameworks",
					"$(inherited)",
				);
				INFOPLIST_FILE = "Integrated test 1Tests/Info.plist";
				LD_RUNPATH_SEARCH_PATHS = "$(inherited) @executable_path/Frameworks @loader_path/Frameworks";
				PRODUCT_NAME = "$(TARGET_NAME)";
				TEST_HOST = "$(BUILT_PRODUCTS_DIR)/Integrated test 1.app/Integrated test 1";
			};
			name = Release;
		};
/* End XCBuildConfiguration section */

/* Begin XCConfigurationList section */
		F29491DF1B53385D00428916 /* Build configuration list for PBXProject "Integrated test 1" */ = {
			isa = XCConfigurationList;
			buildConfigurations = (
				F29492011B53385D00428916 /* Debug */,
				F29492021B53385D00428916 /* Release */,
			);
			defaultConfigurationIsVisible = 0;
			defaultConfigurationName = Release;
		};
		F29492031B53385D00428916 /* Build configuration list for PBXNativeTarget "Integrated test 1" */ = {
			isa = XCConfigurationList;
			buildConfigurations = (
				F29492041B53385D00428916 /* Debug */,
				F29492051B53385D00428916 /* Release */,
			);
			defaultConfigurationIsVisible = 0;
		};
		F29492061B53385D00428916 /* Build configuration list for PBXNativeTarget "Integrated test 1Tests" */ = {
			isa = XCConfigurationList;
			buildConfigurations = (
				F29492071B53385D00428916 /* Debug */,
				F29492081B53385D00428916 /* Release */,
			);
			defaultConfigurationIsVisible = 0;
		};
/* End XCConfigurationList section */
	};
	rootObject = F29491DC1B53385D00428916 /* Project object */;
}
